
Microsoft Visual Studio Solution File, Format Version 12.00
# Visual Studio Version 16
VisualStudioVersion = 16.0.28628.56
MinimumVisualStudioVersion = 15.0.26124.0
Project("{2150E333-8FDC-42A3-9474-1A3956D46DE8}") = "src", "src", "{8EAA9542-EB95-472A-8633-87DAA84716F3}"
EndProject
Project("{9A19103F-16F7-4668-BE54-9A1E7A4F7556}") = "OrderWebApp", "src\OrderWebApp\OrderWebApp.csproj", "{F144B6CC-43F8-43FB-92A8-A05B5D8533FE}"
EndProject
Project("{FAE04EC0-301F-11D3-BF4B-00C04F79EFBC}") = "OrderApi", "src\OrderApi\OrderApi.csproj", "{15D37287-4CAC-4CBC-BB7D-A56F9B843919}"
EndProject
Project("{FAE04EC0-301F-11D3-BF4B-00C04F79EFBC}") = "OrderWorker", "src\OrderWorker\OrderWorker.csproj", "{37A33237-692E-4146-A78E-57C09DDE09AB}"
EndProject
Project("{FAE04EC0-301F-11D3-BF4B-00C04F79EFBC}") = "CatalogApi", "src\CatalogApi\CatalogApi.csproj", "{2F80F295-1F3A-4313-920B-D782C4E674CF}"
EndProject
Project("{FAE04EC0-301F-11D3-BF4B-00C04F79EFBC}") = "Models", "src\Models\Models.csproj", "{C52D7AB5-D05C-49CE-A1C1-011C29C0A50C}"
EndProject
Global
	GlobalSection(SolutionConfigurationPlatforms) = preSolution
		Debug|Any CPU = Debug|Any CPU
		Debug|x64 = Debug|x64
		Debug|x86 = Debug|x86
		Release|Any CPU = Release|Any CPU
		Release|x64 = Release|x64
		Release|x86 = Release|x86
	EndGlobalSection
	GlobalSection(ProjectConfigurationPlatforms) = postSolution
		{F144B6CC-43F8-43FB-92A8-A05B5D8533FE}.Debug|Any CPU.ActiveCfg = Debug|Any CPU
		{F144B6CC-43F8-43FB-92A8-A05B5D8533FE}.Debug|Any CPU.Build.0 = Debug|Any CPU
		{F144B6CC-43F8-43FB-92A8-A05B5D8533FE}.Debug|x64.ActiveCfg = Debug|Any CPU
		{F144B6CC-43F8-43FB-92A8-A05B5D8533FE}.Debug|x64.Build.0 = Debug|Any CPU
		{F144B6CC-43F8-43FB-92A8-A05B5D8533FE}.Debug|x86.ActiveCfg = Debug|Any CPU
		{F144B6CC-43F8-43FB-92A8-A05B5D8533FE}.Debug|x86.Build.0 = Debug|Any CPU
		{F144B6CC-43F8-43FB-92A8-A05B5D8533FE}.Release|Any CPU.ActiveCfg = Release|Any CPU
		{F144B6CC-43F8-43FB-92A8-A05B5D8533FE}.Release|Any CPU.Build.0 = Release|Any CPU
		{F144B6CC-43F8-43FB-92A8-A05B5D8533FE}.Release|x64.ActiveCfg = Release|Any CPU
		{F144B6CC-43F8-43FB-92A8-A05B5D8533FE}.Release|x64.Build.0 = Release|Any CPU
		{F144B6CC-43F8-43FB-92A8-A05B5D8533FE}.Release|x86.ActiveCfg = Release|Any CPU
		{F144B6CC-43F8-43FB-92A8-A05B5D8533FE}.Release|x86.Build.0 = Release|Any CPU
		{15D37287-4CAC-4CBC-BB7D-A56F9B843919}.Debug|Any CPU.ActiveCfg = Debug|Any CPU
		{15D37287-4CAC-4CBC-BB7D-A56F9B843919}.Debug|Any CPU.Build.0 = Debug|Any CPU
		{15D37287-4CAC-4CBC-BB7D-A56F9B843919}.Debug|x64.ActiveCfg = Debug|Any CPU
		{15D37287-4CAC-4CBC-BB7D-A56F9B843919}.Debug|x64.Build.0 = Debug|Any CPU
		{15D37287-4CAC-4CBC-BB7D-A56F9B843919}.Debug|x86.ActiveCfg = Debug|Any CPU
		{15D37287-4CAC-4CBC-BB7D-A56F9B843919}.Debug|x86.Build.0 = Debug|Any CPU
		{15D37287-4CAC-4CBC-BB7D-A56F9B843919}.Release|Any CPU.ActiveCfg = Release|Any CPU
		{15D37287-4CAC-4CBC-BB7D-A56F9B843919}.Release|Any CPU.Build.0 = Release|Any CPU
		{15D37287-4CAC-4CBC-BB7D-A56F9B843919}.Release|x64.ActiveCfg = Release|Any CPU
		{15D37287-4CAC-4CBC-BB7D-A56F9B843919}.Release|x64.Build.0 = Release|Any CPU
		{15D37287-4CAC-4CBC-BB7D-A56F9B843919}.Release|x86.ActiveCfg = Release|Any CPU
		{15D37287-4CAC-4CBC-BB7D-A56F9B843919}.Release|x86.Build.0 = Release|Any CPU
		{37A33237-692E-4146-A78E-57C09DDE09AB}.Debug|Any CPU.ActiveCfg = Debug|Any CPU
		{37A33237-692E-4146-A78E-57C09DDE09AB}.Debug|Any CPU.Build.0 = Debug|Any CPU
		{37A33237-692E-4146-A78E-57C09DDE09AB}.Debug|x64.ActiveCfg = Debug|Any CPU
		{37A33237-692E-4146-A78E-57C09DDE09AB}.Debug|x64.Build.0 = Debug|Any CPU
		{37A33237-692E-4146-A78E-57C09DDE09AB}.Debug|x86.ActiveCfg = Debug|Any CPU
		{37A33237-692E-4146-A78E-57C09DDE09AB}.Debug|x86.Build.0 = Debug|Any CPU
		{37A33237-692E-4146-A78E-57C09DDE09AB}.Release|Any CPU.ActiveCfg = Release|Any CPU
		{37A33237-692E-4146-A78E-57C09DDE09AB}.Release|Any CPU.Build.0 = Release|Any CPU
		{37A33237-692E-4146-A78E-57C09DDE09AB}.Release|x64.ActiveCfg = Release|Any CPU
		{37A33237-692E-4146-A78E-57C09DDE09AB}.Release|x64.Build.0 = Release|Any CPU
		{37A33237-692E-4146-A78E-57C09DDE09AB}.Release|x86.ActiveCfg = Release|Any CPU
		{37A33237-692E-4146-A78E-57C09DDE09AB}.Release|x86.Build.0 = Release|Any CPU
		{2F80F295-1F3A-4313-920B-D782C4E674CF}.Debug|Any CPU.ActiveCfg = Debug|Any CPU
		{2F80F295-1F3A-4313-920B-D782C4E674CF}.Debug|Any CPU.Build.0 = Debug|Any CPU
		{2F80F295-1F3A-4313-920B-D782C4E674CF}.Debug|x64.ActiveCfg = Debug|Any CPU
		{2F80F295-1F3A-4313-920B-D782C4E674CF}.Debug|x64.Build.0 = Debug|Any CPU
		{2F80F295-1F3A-4313-920B-D782C4E674CF}.Debug|x86.ActiveCfg = Debug|Any CPU
		{2F80F295-1F3A-4313-920B-D782C4E674CF}.Debug|x86.Build.0 = Debug|Any CPU
		{2F80F295-1F3A-4313-920B-D782C4E674CF}.Release|Any CPU.ActiveCfg = Release|Any CPU
		{2F80F295-1F3A-4313-920B-D782C4E674CF}.Release|Any CPU.Build.0 = Release|Any CPU
		{2F80F295-1F3A-4313-920B-D782C4E674CF}.Release|x64.ActiveCfg = Release|Any CPU
		{2F80F295-1F3A-4313-920B-D782C4E674CF}.Release|x64.Build.0 = Release|Any CPU
		{2F80F295-1F3A-4313-920B-D782C4E674CF}.Release|x86.ActiveCfg = Release|Any CPU
		{2F80F295-1F3A-4313-920B-D782C4E674CF}.Release|x86.Build.0 = Release|Any CPU
		{C52D7AB5-D05C-49CE-A1C1-011C29C0A50C}.Debug|Any CPU.ActiveCfg = Debug|Any CPU
		{C52D7AB5-D05C-49CE-A1C1-011C29C0A50C}.Debug|Any CPU.Build.0 = Debug|Any CPU
		{C52D7AB5-D05C-49CE-A1C1-011C29C0A50C}.Debug|x64.ActiveCfg = Debug|Any CPU
		{C52D7AB5-D05C-49CE-A1C1-011C29C0A50C}.Debug|x64.Build.0 = Debug|Any CPU
		{C52D7AB5-D05C-49CE-A1C1-011C29C0A50C}.Debug|x86.ActiveCfg = Debug|Any CPU
		{C52D7AB5-D05C-49CE-A1C1-011C29C0A50C}.Debug|x86.Build.0 = Debug|Any CPU
		{C52D7AB5-D05C-49CE-A1C1-011C29C0A50C}.Release|Any CPU.ActiveCfg = Release|Any CPU
		{C52D7AB5-D05C-49CE-A1C1-011C29C0A50C}.Release|Any CPU.Build.0 = Release|Any CPU
		{C52D7AB5-D05C-49CE-A1C1-011C29C0A50C}.Release|x64.ActiveCfg = Release|Any CPU
		{C52D7AB5-D05C-49CE-A1C1-011C29C0A50C}.Release|x64.Build.0 = Release|Any CPU
		{C52D7AB5-D05C-49CE-A1C1-011C29C0A50C}.Release|x86.ActiveCfg = Release|Any CPU
		{C52D7AB5-D05C-49CE-A1C1-011C29C0A50C}.Release|x86.Build.0 = Release|Any CPU
	EndGlobalSection
	GlobalSection(SolutionProperties) = preSolution
		HideSolutionNode = FALSE
	EndGlobalSection
	GlobalSection(NestedProjects) = preSolution
		{F144B6CC-43F8-43FB-92A8-A05B5D8533FE} = {8EAA9542-EB95-472A-8633-87DAA84716F3}
		{15D37287-4CAC-4CBC-BB7D-A56F9B843919} = {8EAA9542-EB95-472A-8633-87DAA84716F3}
		{37A33237-692E-4146-A78E-57C09DDE09AB} = {8EAA9542-EB95-472A-8633-87DAA84716F3}
		{2F80F295-1F3A-4313-920B-D782C4E674CF} = {8EAA9542-EB95-472A-8633-87DAA84716F3}
		{C52D7AB5-D05C-49CE-A1C1-011C29C0A50C} = {8EAA9542-EB95-472A-8633-87DAA84716F3}
	EndGlobalSection
	GlobalSection(ExtensibilityGlobals) = postSolution
		SolutionGuid = {542CAC0B-D248-432F-9DF6-DF3011921E6A}
	EndGlobalSection
EndGlobal
